
Microsoft Visual Studio Solution File, Format Version 12.00
# Visual Studio Version 17
VisualStudioVersion = 17.2.32519.379
MinimumVisualStudioVersion = 10.0.40219.1
Project("{FAE04EC0-301F-11D3-BF4B-00C04F79EFBC}") = "jacob_bankingLIB2_v2", "jacob_bankingLIB2\jacob_bankingLIB2_v2.csproj", "{A140AC86-68A7-40F7-B4FB-063C31C3B997}"
EndProject
Global
	GlobalSection(SolutionConfigurationPlatforms) = preSolution
		Debug|Any CPU = Debug|Any CPU
		Release|Any CPU = Release|Any CPU
	EndGlobalSection
	GlobalSection(ProjectConfigurationPlatforms) = postSolution
		{A140AC86-68A7-40F7-B4FB-063C31C3B997}.Debug|Any CPU.ActiveCfg = Debug|Any CPU
		{A140AC86-68A7-40F7-B4FB-063C31C3B997}.Debug|Any CPU.Build.0 = Debug|Any CPU
		{A140AC86-68A7-40F7-B4FB-063C31C3B997}.Release|Any CPU.ActiveCfg = Release|Any CPU
		{A140AC86-68A7-40F7-B4FB-063C31C3B997}.Release|Any CPU.Build.0 = Release|Any CPU
	EndGlobalSection
	GlobalSection(SolutionProperties) = preSolution
		HideSolutionNode = FALSE
	EndGlobalSection
	GlobalSection(ExtensibilityGlobals) = postSolution
		SolutionGuid = {8A3158CE-57D4-4427-B8BD-8E0FAC43340A}
	EndGlobalSection
EndGlobal
