
Microsoft Visual Studio Solution File, Format Version 12.00
# Visual Studio Version 17
VisualStudioVersion = 17.2.32519.379
MinimumVisualStudioVersion = 10.0.40219.1
Project("{FAE04EC0-301F-11D3-BF4B-00C04F79EFBC}") = "jtl_SportsWebAPP", "jtl_SportsWebAPP\jtl_SportsWebAPP.csproj", "{5B6310AC-3AD1-43E9-B98B-B7A1C635C908}"
EndProject
Global
	GlobalSection(SolutionConfigurationPlatforms) = preSolution
		Debug|Any CPU = Debug|Any CPU
		Release|Any CPU = Release|Any CPU
	EndGlobalSection
	GlobalSection(ProjectConfigurationPlatforms) = postSolution
		{5B6310AC-3AD1-43E9-B98B-B7A1C635C908}.Debug|Any CPU.ActiveCfg = Debug|Any CPU
		{5B6310AC-3AD1-43E9-B98B-B7A1C635C908}.Debug|Any CPU.Build.0 = Debug|Any CPU
		{5B6310AC-3AD1-43E9-B98B-B7A1C635C908}.Release|Any CPU.ActiveCfg = Release|Any CPU
		{5B6310AC-3AD1-43E9-B98B-B7A1C635C908}.Release|Any CPU.Build.0 = Release|Any CPU
	EndGlobalSection
	GlobalSection(SolutionProperties) = preSolution
		HideSolutionNode = FALSE
	EndGlobalSection
	GlobalSection(ExtensibilityGlobals) = postSolution
		SolutionGuid = {3BFA6508-DD87-4D02-AE07-37322242449B}
	EndGlobalSection
EndGlobal
